{
  "name": "hhsc",
  "lockfileVersion": 3,
  "requires": true,
  "packages": {
    "": {
      "name": "hhsc",
      "dependencies": {
        "@marsgames/nosleep.js": "^0.12.20"
      }
    },
    "node_modules/@marsgames/nosleep.js": {
      "version": "0.12.20",
      "resolved": "https://registry.npmjs.org/@marsgames/nosleep.js/-/nosleep.js-0.12.20.tgz",
      "integrity": "sha512-1559k1uapMhhbbKflBvWbk59s7p2MTPxCbZzSBiU6PA0FrNBjYZPgqZxsfqUIR3D3WVzHtgW6fT8ogzimB+NVg=="
    }
  }
}
